// !$*UTF8*$!
{
	archiveVersion = 1;
	classes = {
	};
	objectVersion = 55;
	objects = {

/* Begin PBXBuildFile section */
		F5073A54293BA166005A2E82 /* AppDelegate.swift in Sources */ = {isa = PBXBuildFile; fileRef = F5073A53293BA166005A2E82 /* AppDelegate.swift */; };
		F5073A56293BA166005A2E82 /* SceneDelegate.swift in Sources */ = {isa = PBXBuildFile; fileRef = F5073A55293BA166005A2E82 /* SceneDelegate.swift */; };
		F5073A5B293BA166005A2E82 /* Main.storyboard in Resources */ = {isa = PBXBuildFile; fileRef = F5073A59293BA166005A2E82 /* Main.storyboard */; };
		F5073A5D293BA168005A2E82 /* Assets.xcassets in Resources */ = {isa = PBXBuildFile; fileRef = F5073A5C293BA168005A2E82 /* Assets.xcassets */; };
		F5073A60293BA168005A2E82 /* LaunchScreen.storyboard in Resources */ = {isa = PBXBuildFile; fileRef = F5073A5E293BA168005A2E82 /* LaunchScreen.storyboard */; };
		F5073A70293BAC91005A2E82 /* Rakhim - Синий Lamborghini.mp3 in Resources */ = {isa = PBXBuildFile; fileRef = F5073A6A293BAC91005A2E82 /* Rakhim - Синий Lamborghini.mp3 */; };
		F5073A71293BAC91005A2E82 /* Ваня Дмитриенко - Венера-Юпитер.mp3 in Resources */ = {isa = PBXBuildFile; fileRef = F5073A6B293BAC91005A2E82 /* Ваня Дмитриенко - Венера-Юпитер.mp3 */; };
		F5073A72293BAC91005A2E82 /* Rasa - Под фонарём.mp3 in Resources */ = {isa = PBXBuildFile; fileRef = F5073A6C293BAC91005A2E82 /* Rasa - Под фонарём.mp3 */; };
		F5073A73293BAC91005A2E82 /* Rauf & Faik, NILETTO - Если тебе будет грустно.mp3 in Resources */ = {isa = PBXBuildFile; fileRef = F5073A6D293BAC91005A2E82 /* Rauf & Faik, NILETTO - Если тебе будет грустно.mp3 */; };
		F5073A74293BAC91005A2E82 /* Нурминский - Валим.mov in Resources */ = {isa = PBXBuildFile; fileRef = F5073A6E293BAC91005A2E82 /* Нурминский - Валим.mov */; };
		F5073A75293BAC91005A2E82 /* Нурминский - Валим.mp3 in Resources */ = {isa = PBXBuildFile; fileRef = F5073A6F293BAC91005A2E82 /* Нурминский - Валим.mp3 */; };
		F5073A79293BAD3B005A2E82 /* DataServices.swift in Sources */ = {isa = PBXBuildFile; fileRef = F5073A78293BAD3B005A2E82 /* DataServices.swift */; };
		F5073A7B293BAD6A005A2E82 /* Track.swift in Sources */ = {isa = PBXBuildFile; fileRef = F5073A7A293BAD6A005A2E82 /* Track.swift */; };
		F5073A7F293BAFF5005A2E82 /* TracksListTVC.swift in Sources */ = {isa = PBXBuildFile; fileRef = F5073A7E293BAFF5005A2E82 /* TracksListTVC.swift */; };
		F5073A81293BB42A005A2E82 /* TrackVC.swift in Sources */ = {isa = PBXBuildFile; fileRef = F5073A80293BB42A005A2E82 /* TrackVC.swift */; };
/* End PBXBuildFile section */

/* Begin PBXFileReference section */
		F5073A50293BA166005A2E82 /* TableViewApp.app */ = {isa = PBXFileReference; explicitFileType = wrapper.application; includeInIndex = 0; path = TableViewApp.app; sourceTree = BUILT_PRODUCTS_DIR; };
		F5073A53293BA166005A2E82 /* AppDelegate.swift */ = {isa = PBXFileReference; lastKnownFileType = sourcecode.swift; path = AppDelegate.swift; sourceTree = "<group>"; };
		F5073A55293BA166005A2E82 /* SceneDelegate.swift */ = {isa = PBXFileReference; lastKnownFileType = sourcecode.swift; path = SceneDelegate.swift; sourceTree = "<group>"; };
		F5073A5A293BA166005A2E82 /* Base */ = {isa = PBXFileReference; lastKnownFileType = file.storyboard; name = Base; path = Base.lproj/Main.storyboard; sourceTree = "<group>"; };
		F5073A5C293BA168005A2E82 /* Assets.xcassets */ = {isa = PBXFileReference; lastKnownFileType = folder.assetcatalog; path = Assets.xcassets; sourceTree = "<group>"; };
		F5073A5F293BA168005A2E82 /* Base */ = {isa = PBXFileReference; lastKnownFileType = file.storyboard; name = Base; path = Base.lproj/LaunchScreen.storyboard; sourceTree = "<group>"; };
		F5073A61293BA168005A2E82 /* Info.plist */ = {isa = PBXFileReference; lastKnownFileType = text.plist.xml; path = Info.plist; sourceTree = "<group>"; };
		F5073A6A293BAC91005A2E82 /* Rakhim - Синий Lamborghini.mp3 */ = {isa = PBXFileReference; lastKnownFileType = audio.mp3; path = "Rakhim - Синий Lamborghini.mp3"; sourceTree = "<group>"; };
		F5073A6B293BAC91005A2E82 /* Ваня Дмитриенко - Венера-Юпитер.mp3 */ = {isa = PBXFileReference; lastKnownFileType = audio.mp3; path = "Ваня Дмитриенко - Венера-Юпитер.mp3"; sourceTree = "<group>"; };
		F5073A6C293BAC91005A2E82 /* Rasa - Под фонарём.mp3 */ = {isa = PBXFileReference; lastKnownFileType = audio.mp3; path = "Rasa - Под фонарём.mp3"; sourceTree = "<group>"; };
		F5073A6D293BAC91005A2E82 /* Rauf & Faik, NILETTO - Если тебе будет грустно.mp3 */ = {isa = PBXFileReference; lastKnownFileType = audio.mp3; path = "Rauf & Faik, NILETTO - Если тебе будет грустно.mp3"; sourceTree = "<group>"; };
		F5073A6E293BAC91005A2E82 /* Нурминский - Валим.mov */ = {isa = PBXFileReference; lastKnownFileType = video.quicktime; path = "Нурминский - Валим.mov"; sourceTree = "<group>"; };
		F5073A6F293BAC91005A2E82 /* Нурминский - Валим.mp3 */ = {isa = PBXFileReference; lastKnownFileType = audio.mp3; path = "Нурминский - Валим.mp3"; sourceTree = "<group>"; };
		F5073A78293BAD3B005A2E82 /* DataServices.swift */ = {isa = PBXFileReference; lastKnownFileType = sourcecode.swift; path = DataServices.swift; sourceTree = "<group>"; };
		F5073A7A293BAD6A005A2E82 /* Track.swift */ = {isa = PBXFileReference; lastKnownFileType = sourcecode.swift; path = Track.swift; sourceTree = "<group>"; };
		F5073A7E293BAFF5005A2E82 /* TracksListTVC.swift */ = {isa = PBXFileReference; lastKnownFileType = sourcecode.swift; path = TracksListTVC.swift; sourceTree = "<group>"; };
		F5073A80293BB42A005A2E82 /* TrackVC.swift */ = {isa = PBXFileReference; lastKnownFileType = sourcecode.swift; path = TrackVC.swift; sourceTree = "<group>"; };
/* End PBXFileReference section */

/* Begin PBXFrameworksBuildPhase section */
		F5073A4D293BA165005A2E82 /* Frameworks */ = {
			isa = PBXFrameworksBuildPhase;
			buildActionMask = 2147483647;
			files = (
			);
			runOnlyForDeploymentPostprocessing = 0;
		};
/* End PBXFrameworksBuildPhase section */

/* Begin PBXGroup section */
		F5073A47293BA165005A2E82 = {
			isa = PBXGroup;
			children = (
				F5073A52293BA166005A2E82 /* TableViewApp */,
				F5073A51293BA166005A2E82 /* Products */,
			);
			sourceTree = "<group>";
		};
		F5073A51293BA166005A2E82 /* Products */ = {
			isa = PBXGroup;
			children = (
				F5073A50293BA166005A2E82 /* TableViewApp.app */,
			);
			name = Products;
			sourceTree = "<group>";
		};
		F5073A52293BA166005A2E82 /* TableViewApp */ = {
			isa = PBXGroup;
			children = (
				F5073A76293BACDD005A2E82 /* Models */,
				F5073A67293BAAFB005A2E82 /* Views */,
				F5073A7C293BAF46005A2E82 /* Controllers */,
				F5073A77293BACE7005A2E82 /* DataServices */,
				F5073A69293BAC59005A2E82 /* Tracks */,
				F5073A5C293BA168005A2E82 /* Assets.xcassets */,
				F5073A68293BAB2E005A2E82 /* AppDelegates */,
				F5073A61293BA168005A2E82 /* Info.plist */,
			);
			path = TableViewApp;
			sourceTree = "<group>";
		};
		F5073A67293BAAFB005A2E82 /* Views */ = {
			isa = PBXGroup;
			children = (
				F5073A59293BA166005A2E82 /* Main.storyboard */,
				F5073A5E293BA168005A2E82 /* LaunchScreen.storyboard */,
			);
			path = Views;
			sourceTree = "<group>";
		};
		F5073A68293BAB2E005A2E82 /* AppDelegates */ = {
			isa = PBXGroup;
			children = (
				F5073A53293BA166005A2E82 /* AppDelegate.swift */,
				F5073A55293BA166005A2E82 /* SceneDelegate.swift */,
			);
			path = AppDelegates;
			sourceTree = "<group>";
		};
		F5073A69293BAC59005A2E82 /* Tracks */ = {
			isa = PBXGroup;
			children = (
				F5073A6B293BAC91005A2E82 /* Ваня Дмитриенко - Венера-Юпитер.mp3 */,
				F5073A6E293BAC91005A2E82 /* Нурминский - Валим.mov */,
				F5073A6F293BAC91005A2E82 /* Нурминский - Валим.mp3 */,
				F5073A6A293BAC91005A2E82 /* Rakhim - Синий Lamborghini.mp3 */,
				F5073A6C293BAC91005A2E82 /* Rasa - Под фонарём.mp3 */,
				F5073A6D293BAC91005A2E82 /* Rauf & Faik, NILETTO - Если тебе будет грустно.mp3 */,
			);
			path = Tracks;
			sourceTree = "<group>";
		};
		F5073A76293BACDD005A2E82 /* Models */ = {
			isa = PBXGroup;
			children = (
				F5073A7A293BAD6A005A2E82 /* Track.swift */,
			);
			path = Models;
			sourceTree = "<group>";
		};
		F5073A77293BACE7005A2E82 /* DataServices */ = {
			isa = PBXGroup;
			children = (
				F5073A78293BAD3B005A2E82 /* DataServices.swift */,
			);
			path = DataServices;
			sourceTree = "<group>";
		};
		F5073A7C293BAF46005A2E82 /* Controllers */ = {
			isa = PBXGroup;
			children = (
				F5073A7E293BAFF5005A2E82 /* TracksListTVC.swift */,
				F5073A80293BB42A005A2E82 /* TrackVC.swift */,
			);
			path = Controllers;
			sourceTree = "<group>";
		};
/* End PBXGroup section */

/* Begin PBXNativeTarget section */
		F5073A4F293BA165005A2E82 /* TableViewApp */ = {
			isa = PBXNativeTarget;
			buildConfigurationList = F5073A64293BA168005A2E82 /* Build configuration list for PBXNativeTarget "TableViewApp" */;
			buildPhases = (
				F5073A4C293BA165005A2E82 /* Sources */,
				F5073A4D293BA165005A2E82 /* Frameworks */,
				F5073A4E293BA165005A2E82 /* Resources */,
			);
			buildRules = (
			);
			dependencies = (
			);
			name = TableViewApp;
			productName = TableViewApp;
			productReference = F5073A50293BA166005A2E82 /* TableViewApp.app */;
			productType = "com.apple.product-type.application";
		};
/* End PBXNativeTarget section */

/* Begin PBXProject section */
		F5073A48293BA165005A2E82 /* Project object */ = {
			isa = PBXProject;
			attributes = {
				BuildIndependentTargetsInParallel = 1;
				LastSwiftUpdateCheck = 1340;
				LastUpgradeCheck = 1340;
				TargetAttributes = {
					F5073A4F293BA165005A2E82 = {
						CreatedOnToolsVersion = 13.4.1;
					};
				};
			};
			buildConfigurationList = F5073A4B293BA165005A2E82 /* Build configuration list for PBXProject "TableViewApp" */;
			compatibilityVersion = "Xcode 13.0";
			developmentRegion = en;
			hasScannedForEncodings = 0;
			knownRegions = (
				en,
				Base,
			);
			mainGroup = F5073A47293BA165005A2E82;
			productRefGroup = F5073A51293BA166005A2E82 /* Products */;
			projectDirPath = "";
			projectRoot = "";
			targets = (
				F5073A4F293BA165005A2E82 /* TableViewApp */,
			);
		};
/* End PBXProject section */

/* Begin PBXResourcesBuildPhase section */
		F5073A4E293BA165005A2E82 /* Resources */ = {
			isa = PBXResourcesBuildPhase;
			buildActionMask = 2147483647;
			files = (
				F5073A72293BAC91005A2E82 /* Rasa - Под фонарём.mp3 in Resources */,
				F5073A73293BAC91005A2E82 /* Rauf & Faik, NILETTO - Если тебе будет грустно.mp3 in Resources */,
				F5073A60293BA168005A2E82 /* LaunchScreen.storyboard in Resources */,
				F5073A75293BAC91005A2E82 /* Нурминский - Валим.mp3 in Resources */,
				F5073A5D293BA168005A2E82 /* Assets.xcassets in Resources */,
				F5073A71293BAC91005A2E82 /* Ваня Дмитриенко - Венера-Юпитер.mp3 in Resources */,
				F5073A70293BAC91005A2E82 /* Rakhim - Синий Lamborghini.mp3 in Resources */,
				F5073A5B293BA166005A2E82 /* Main.storyboard in Resources */,
				F5073A74293BAC91005A2E82 /* Нурминский - Валим.mov in Resources */,
			);
			runOnlyForDeploymentPostprocessing = 0;
		};
/* End PBXResourcesBuildPhase section */

/* Begin PBXSourcesBuildPhase section */
		F5073A4C293BA165005A2E82 /* Sources */ = {
			isa = PBXSourcesBuildPhase;
			buildActionMask = 2147483647;
			files = (
				F5073A7F293BAFF5005A2E82 /* TracksListTVC.swift in Sources */,
				F5073A7B293BAD6A005A2E82 /* Track.swift in Sources */,
				F5073A81293BB42A005A2E82 /* TrackVC.swift in Sources */,
				F5073A54293BA166005A2E82 /* AppDelegate.swift in Sources */,
				F5073A56293BA166005A2E82 /* SceneDelegate.swift in Sources */,
				F5073A79293BAD3B005A2E82 /* DataServices.swift in Sources */,
			);
			runOnlyForDeploymentPostprocessing = 0;
		};
/* End PBXSourcesBuildPhase section */

/* Begin PBXVariantGroup section */
		F5073A59293BA166005A2E82 /* Main.storyboard */ = {
			isa = PBXVariantGroup;
			children = (
				F5073A5A293BA166005A2E82 /* Base */,
			);
			name = Main.storyboard;
			sourceTree = "<group>";
		};
		F5073A5E293BA168005A2E82 /* LaunchScreen.storyboard */ = {
			isa = PBXVariantGroup;
			children = (
				F5073A5F293BA168005A2E82 /* Base */,
			);
			name = LaunchScreen.storyboard;
			sourceTree = "<group>";
		};
/* End PBXVariantGroup section */

/* Begin XCBuildConfiguration section */
		F5073A62293BA168005A2E82 /* Debug */ = {
			isa = XCBuildConfiguration;
			buildSettings = {
				ALWAYS_SEARCH_USER_PATHS = NO;
				CLANG_ANALYZER_NONNULL = YES;
				CLANG_ANALYZER_NUMBER_OBJECT_CONVERSION = YES_AGGRESSIVE;
				CLANG_CXX_LANGUAGE_STANDARD = "gnu++17";
				CLANG_ENABLE_MODULES = YES;
				CLANG_ENABLE_OBJC_ARC = YES;
				CLANG_ENABLE_OBJC_WEAK = YES;
				CLANG_WARN_BLOCK_CAPTURE_AUTORELEASING = YES;
				CLANG_WARN_BOOL_CONVERSION = YES;
				CLANG_WARN_COMMA = YES;
				CLANG_WARN_CONSTANT_CONVERSION = YES;
				CLANG_WARN_DEPRECATED_OBJC_IMPLEMENTATIONS = YES;
				CLANG_WARN_DIRECT_OBJC_ISA_USAGE = YES_ERROR;
				CLANG_WARN_DOCUMENTATION_COMMENTS = YES;
				CLANG_WARN_EMPTY_BODY = YES;
				CLANG_WARN_ENUM_CONVERSION = YES;
				CLANG_WARN_INFINITE_RECURSION = YES;
				CLANG_WARN_INT_CONVERSION = YES;
				CLANG_WARN_NON_LITERAL_NULL_CONVERSION = YES;
				CLANG_WARN_OBJC_IMPLICIT_RETAIN_SELF = YES;
				CLANG_WARN_OBJC_LITERAL_CONVERSION = YES;
				CLANG_WARN_OBJC_ROOT_CLASS = YES_ERROR;
				CLANG_WARN_QUOTED_INCLUDE_IN_FRAMEWORK_HEADER = YES;
				CLANG_WARN_RANGE_LOOP_ANALYSIS = YES;
				CLANG_WARN_STRICT_PROTOTYPES = YES;
				CLANG_WARN_SUSPICIOUS_MOVE = YES;
				CLANG_WARN_UNGUARDED_AVAILABILITY = YES_AGGRESSIVE;
				CLANG_WARN_UNREACHABLE_CODE = YES;
				CLANG_WARN__DUPLICATE_METHOD_MATCH = YES;
				COPY_PHASE_STRIP = NO;
				DEBUG_INFORMATION_FORMAT = dwarf;
				ENABLE_STRICT_OBJC_MSGSEND = YES;
				ENABLE_TESTABILITY = YES;
				GCC_C_LANGUAGE_STANDARD = gnu11;
				GCC_DYNAMIC_NO_PIC = NO;
				GCC_NO_COMMON_BLOCKS = YES;
				GCC_OPTIMIZATION_LEVEL = 0;
				GCC_PREPROCESSOR_DEFINITIONS = (
					"DEBUG=1",
					"$(inherited)",
				);
				GCC_WARN_64_TO_32_BIT_CONVERSION = YES;
				GCC_WARN_ABOUT_RETURN_TYPE = YES_ERROR;
				GCC_WARN_UNDECLARED_SELECTOR = YES;
				GCC_WARN_UNINITIALIZED_AUTOS = YES_AGGRESSIVE;
				GCC_WARN_UNUSED_FUNCTION = YES;
				GCC_WARN_UNUSED_VARIABLE = YES;
				IPHONEOS_DEPLOYMENT_TARGET = 15.5;
				MTL_ENABLE_DEBUG_INFO = INCLUDE_SOURCE;
				MTL_FAST_MATH = YES;
				ONLY_ACTIVE_ARCH = YES;
				SDKROOT = iphoneos;
				SWIFT_ACTIVE_COMPILATION_CONDITIONS = DEBUG;
				SWIFT_OPTIMIZATION_LEVEL = "-Onone";
			};
			name = Debug;
		};
		F5073A63293BA168005A2E82 /* Release */ = {
			isa = XCBuildConfiguration;
			buildSettings = {
				ALWAYS_SEARCH_USER_PATHS = NO;
				CLANG_ANALYZER_NONNULL = YES;
				CLANG_ANALYZER_NUMBER_OBJECT_CONVERSION = YES_AGGRESSIVE;
				CLANG_CXX_LANGUAGE_STANDARD = "gnu++17";
				CLANG_ENABLE_MODULES = YES;
				CLANG_ENABLE_OBJC_ARC = YES;
				CLANG_ENABLE_OBJC_WEAK = YES;
				CLANG_WARN_BLOCK_CAPTURE_AUTORELEASING = YES;
				CLANG_WARN_BOOL_CONVERSION = YES;
				CLANG_WARN_COMMA = YES;
				CLANG_WARN_CONSTANT_CONVERSION = YES;
				CLANG_WARN_DEPRECATED_OBJC_IMPLEMENTATIONS = YES;
				CLANG_WARN_DIRECT_OBJC_ISA_USAGE = YES_ERROR;
				CLANG_WARN_DOCUMENTATION_COMMENTS = YES;
				CLANG_WARN_EMPTY_BODY = YES;
				CLANG_WARN_ENUM_CONVERSION = YES;
				CLANG_WARN_INFINITE_RECURSION = YES;
				CLANG_WARN_INT_CONVERSION = YES;
				CLANG_WARN_NON_LITERAL_NULL_CONVERSION = YES;
				CLANG_WARN_OBJC_IMPLICIT_RETAIN_SELF = YES;
				CLANG_WARN_OBJC_LITERAL_CONVERSION = YES;
				CLANG_WARN_OBJC_ROOT_CLASS = YES_ERROR;
				CLANG_WARN_QUOTED_INCLUDE_IN_FRAMEWORK_HEADER = YES;
				CLANG_WARN_RANGE_LOOP_ANALYSIS = YES;
				CLANG_WARN_STRICT_PROTOTYPES = YES;
				CLANG_WARN_SUSPICIOUS_MOVE = YES;
				CLANG_WARN_UNGUARDED_AVAILABILITY = YES_AGGRESSIVE;
				CLANG_WARN_UNREACHABLE_CODE = YES;
				CLANG_WARN__DUPLICATE_METHOD_MATCH = YES;
				COPY_PHASE_STRIP = NO;
				DEBUG_INFORMATION_FORMAT = "dwarf-with-dsym";
				ENABLE_NS_ASSERTIONS = NO;
				ENABLE_STRICT_OBJC_MSGSEND = YES;
				GCC_C_LANGUAGE_STANDARD = gnu11;
				GCC_NO_COMMON_BLOCKS = YES;
				GCC_WARN_64_TO_32_BIT_CONVERSION = YES;
				GCC_WARN_ABOUT_RETURN_TYPE = YES_ERROR;
				GCC_WARN_UNDECLARED_SELECTOR = YES;
				GCC_WARN_UNINITIALIZED_AUTOS = YES_AGGRESSIVE;
				GCC_WARN_UNUSED_FUNCTION = YES;
				GCC_WARN_UNUSED_VARIABLE = YES;
				IPHONEOS_DEPLOYMENT_TARGET = 15.5;
				MTL_ENABLE_DEBUG_INFO = NO;
				MTL_FAST_MATH = YES;
				SDKROOT = iphoneos;
				SWIFT_COMPILATION_MODE = wholemodule;
				SWIFT_OPTIMIZATION_LEVEL = "-O";
				VALIDATE_PRODUCT = YES;
			};
			name = Release;
		};
		F5073A65293BA168005A2E82 /* Debug */ = {
			isa = XCBuildConfiguration;
			buildSettings = {
				ASSETCATALOG_COMPILER_APPICON_NAME = AppIcon;
				ASSETCATALOG_COMPILER_GLOBAL_ACCENT_COLOR_NAME = AccentColor;
				CODE_SIGN_STYLE = Automatic;
				CURRENT_PROJECT_VERSION = 1;
				DEVELOPMENT_TEAM = L8L67VZR25;
				GENERATE_INFOPLIST_FILE = YES;
				INFOPLIST_FILE = TableViewApp/Info.plist;
				INFOPLIST_KEY_UIApplicationSupportsIndirectInputEvents = YES;
				INFOPLIST_KEY_UILaunchStoryboardName = LaunchScreen;
				INFOPLIST_KEY_UIMainStoryboardFile = Main;
				INFOPLIST_KEY_UISupportedInterfaceOrientations_iPad = "UIInterfaceOrientationPortrait UIInterfaceOrientationPortraitUpsideDown UIInterfaceOrientationLandscapeLeft UIInterfaceOrientationLandscapeRight";
				INFOPLIST_KEY_UISupportedInterfaceOrientations_iPhone = "UIInterfaceOrientationPortrait UIInterfaceOrientationLandscapeLeft UIInterfaceOrientationLandscapeRight";
				LD_RUNPATH_SEARCH_PATHS = (
					"$(inherited)",
					"@executable_path/Frameworks",
				);
				MARKETING_VERSION = 1.0;
				PRODUCT_BUNDLE_IDENTIFIER = "com.sattdima34-gmail.TableViewApp";
				PRODUCT_NAME = "$(TARGET_NAME)";
				SWIFT_EMIT_LOC_STRINGS = YES;
				SWIFT_VERSION = 5.0;
				TARGETED_DEVICE_FAMILY = "1,2";
			};
			name = Debug;
		};
		F5073A66293BA168005A2E82 /* Release */ = {
			isa = XCBuildConfiguration;
			buildSettings = {
				ASSETCATALOG_COMPILER_APPICON_NAME = AppIcon;
				ASSETCATALOG_COMPILER_GLOBAL_ACCENT_COLOR_NAME = AccentColor;
				CODE_SIGN_STYLE = Automatic;
				CURRENT_PROJECT_VERSION = 1;
				DEVELOPMENT_TEAM = L8L67VZR25;
				GENERATE_INFOPLIST_FILE = YES;
				INFOPLIST_FILE = TableViewApp/Info.plist;
				INFOPLIST_KEY_UIApplicationSupportsIndirectInputEvents = YES;
				INFOPLIST_KEY_UILaunchStoryboardName = LaunchScreen;
				INFOPLIST_KEY_UIMainStoryboardFile = Main;
				INFOPLIST_KEY_UISupportedInterfaceOrientations_iPad = "UIInterfaceOrientationPortrait UIInterfaceOrientationPortraitUpsideDown UIInterfaceOrientationLandscapeLeft UIInterfaceOrientationLandscapeRight";
				INFOPLIST_KEY_UISupportedInterfaceOrientations_iPhone = "UIInterfaceOrientationPortrait UIInterfaceOrientationLandscapeLeft UIInterfaceOrientationLandscapeRight";
				LD_RUNPATH_SEARCH_PATHS = (
					"$(inherited)",
					"@executable_path/Frameworks",
				);
				MARKETING_VERSION = 1.0;
				PRODUCT_BUNDLE_IDENTIFIER = "com.sattdima34-gmail.TableViewApp";
				PRODUCT_NAME = "$(TARGET_NAME)";
				SWIFT_EMIT_LOC_STRINGS = YES;
				SWIFT_VERSION = 5.0;
				TARGETED_DEVICE_FAMILY = "1,2";
			};
			name = Release;
		};
/* End XCBuildConfiguration section */

/* Begin XCConfigurationList section */
		F5073A4B293BA165005A2E82 /* Build configuration list for PBXProject "TableViewApp" */ = {
			isa = XCConfigurationList;
			buildConfigurations = (
				F5073A62293BA168005A2E82 /* Debug */,
				F5073A63293BA168005A2E82 /* Release */,
			);
			defaultConfigurationIsVisible = 0;
			defaultConfigurationName = Release;
		};
		F5073A64293BA168005A2E82 /* Build configuration list for PBXNativeTarget "TableViewApp" */ = {
			isa = XCConfigurationList;
			buildConfigurations = (
				F5073A65293BA168005A2E82 /* Debug */,
				F5073A66293BA168005A2E82 /* Release */,
			);
			defaultConfigurationIsVisible = 0;
			defaultConfigurationName = Release;
		};
/* End XCConfigurationList section */
	};
	rootObject = F5073A48293BA165005A2E82 /* Project object */;
}
